
Microsoft Visual Studio Solution File, Format Version 12.00
# Visual Studio Version 16
VisualStudioVersion = 16.0.30626.31
MinimumVisualStudioVersion = 10.0.40219.1
Project("{2150E333-8FDC-42A3-9474-1A3956D46DE8}") = "1 - Api", "1 - Api", "{90F1DDC4-06B2-4A7D-AF53-20D2BCFDEB95}"
EndProject
Project("{2150E333-8FDC-42A3-9474-1A3956D46DE8}") = "2 - Domain", "2 - Domain", "{BA33C712-22C9-4275-9E32-F314DDCF580E}"
EndProject
Project("{2150E333-8FDC-42A3-9474-1A3956D46DE8}") = "3 - Infra", "3 - Infra", "{7BD79805-5169-4CB4-B53E-A2913536D164}"
EndProject
Project("{2150E333-8FDC-42A3-9474-1A3956D46DE8}") = "3.1 - Data", "3.1 - Data", "{6C0B22D9-A9B8-4EC9-89D1-02A9FB57911C}"
EndProject
Project("{2150E333-8FDC-42A3-9474-1A3956D46DE8}") = "3.2 - IoC", "3.2 - IoC", "{521F35F5-FFB1-4A8D-B1E8-C977CC80EAFC}"
EndProject
Project("{2150E333-8FDC-42A3-9474-1A3956D46DE8}") = "3.3 - Message Broker", "3.3 - Message Broker", "{640C2B7A-B99D-462F-81EB-17CE33A96D34}"
EndProject
Project("{9A19103F-16F7-4668-BE54-9A1E7A4F7556}") = "BancoBari.IoC", "src\BancoBari.IoC\BancoBari.IoC.csproj", "{F10EDE45-F868-4C9F-A516-891232F49092}"
EndProject
Project("{9A19103F-16F7-4668-BE54-9A1E7A4F7556}") = "BancoBari.Api", "src\BancoBari.Api\BancoBari.Api.csproj", "{5CB04AE7-336F-458E-B08B-F5CC9C3122E1}"
EndProject
Project("{9A19103F-16F7-4668-BE54-9A1E7A4F7556}") = "BancoBari.Domain", "src\BancoBari.Domain\BancoBari.Domain.csproj", "{33F64C05-621F-4311-BE26-4D7EFBFCDFCB}"
EndProject
Project("{9A19103F-16F7-4668-BE54-9A1E7A4F7556}") = "BancoBari.Services", "src\BancoBari.Services\BancoBari.Services.csproj", "{21B3AFBE-4A09-4CD1-8E82-A67E5317FA72}"
EndProject
Project("{FAE04EC0-301F-11D3-BF4B-00C04F79EFBC}") = "BancoBari.MessageBorker.Receive", "src\BancoBari.MessageBorker.Receive\BancoBari.MessageBorker.Receive.csproj", "{FB9CEDD8-F278-4EC4-9718-32DDA9A64B82}"
EndProject
Project("{FAE04EC0-301F-11D3-BF4B-00C04F79EFBC}") = "BancoBari.MessageBroker.Send", "src\BancoBari.MessageBroker.Send\BancoBari.MessageBroker.Send.csproj", "{70B8D217-02BE-4AE1-A0A7-E7C4B0E746B5}"
EndProject
Project("{FAE04EC0-301F-11D3-BF4B-00C04F79EFBC}") = "BancoBari.Infra.CrossCutting", "src\BancoBari.Infra.CrossCutting\BancoBari.Infra.CrossCutting.csproj", "{5DDD679B-5183-40BA-B01D-644487766E46}"
EndProject
Project("{2150E333-8FDC-42A3-9474-1A3956D46DE8}") = "3.4 - CrossCutting", "3.4 - CrossCutting", "{0FA08FE6-73B1-47A6-B0EB-63E0143833EF}"
EndProject
Global
	GlobalSection(SolutionConfigurationPlatforms) = preSolution
		Debug|Any CPU = Debug|Any CPU
		Release|Any CPU = Release|Any CPU
	EndGlobalSection
	GlobalSection(ProjectConfigurationPlatforms) = postSolution
		{F10EDE45-F868-4C9F-A516-891232F49092}.Debug|Any CPU.ActiveCfg = Debug|Any CPU
		{F10EDE45-F868-4C9F-A516-891232F49092}.Debug|Any CPU.Build.0 = Debug|Any CPU
		{F10EDE45-F868-4C9F-A516-891232F49092}.Release|Any CPU.ActiveCfg = Release|Any CPU
		{F10EDE45-F868-4C9F-A516-891232F49092}.Release|Any CPU.Build.0 = Release|Any CPU
		{5CB04AE7-336F-458E-B08B-F5CC9C3122E1}.Debug|Any CPU.ActiveCfg = Debug|Any CPU
		{5CB04AE7-336F-458E-B08B-F5CC9C3122E1}.Debug|Any CPU.Build.0 = Debug|Any CPU
		{5CB04AE7-336F-458E-B08B-F5CC9C3122E1}.Release|Any CPU.ActiveCfg = Release|Any CPU
		{5CB04AE7-336F-458E-B08B-F5CC9C3122E1}.Release|Any CPU.Build.0 = Release|Any CPU
		{33F64C05-621F-4311-BE26-4D7EFBFCDFCB}.Debug|Any CPU.ActiveCfg = Debug|Any CPU
		{33F64C05-621F-4311-BE26-4D7EFBFCDFCB}.Debug|Any CPU.Build.0 = Debug|Any CPU
		{33F64C05-621F-4311-BE26-4D7EFBFCDFCB}.Release|Any CPU.ActiveCfg = Release|Any CPU
		{33F64C05-621F-4311-BE26-4D7EFBFCDFCB}.Release|Any CPU.Build.0 = Release|Any CPU
		{21B3AFBE-4A09-4CD1-8E82-A67E5317FA72}.Debug|Any CPU.ActiveCfg = Debug|Any CPU
		{21B3AFBE-4A09-4CD1-8E82-A67E5317FA72}.Debug|Any CPU.Build.0 = Debug|Any CPU
		{21B3AFBE-4A09-4CD1-8E82-A67E5317FA72}.Release|Any CPU.ActiveCfg = Release|Any CPU
		{21B3AFBE-4A09-4CD1-8E82-A67E5317FA72}.Release|Any CPU.Build.0 = Release|Any CPU
		{FB9CEDD8-F278-4EC4-9718-32DDA9A64B82}.Debug|Any CPU.ActiveCfg = Debug|Any CPU
		{FB9CEDD8-F278-4EC4-9718-32DDA9A64B82}.Debug|Any CPU.Build.0 = Debug|Any CPU
		{FB9CEDD8-F278-4EC4-9718-32DDA9A64B82}.Release|Any CPU.ActiveCfg = Release|Any CPU
		{FB9CEDD8-F278-4EC4-9718-32DDA9A64B82}.Release|Any CPU.Build.0 = Release|Any CPU
		{70B8D217-02BE-4AE1-A0A7-E7C4B0E746B5}.Debug|Any CPU.ActiveCfg = Debug|Any CPU
		{70B8D217-02BE-4AE1-A0A7-E7C4B0E746B5}.Debug|Any CPU.Build.0 = Debug|Any CPU
		{70B8D217-02BE-4AE1-A0A7-E7C4B0E746B5}.Release|Any CPU.ActiveCfg = Release|Any CPU
		{70B8D217-02BE-4AE1-A0A7-E7C4B0E746B5}.Release|Any CPU.Build.0 = Release|Any CPU
		{5DDD679B-5183-40BA-B01D-644487766E46}.Debug|Any CPU.ActiveCfg = Debug|Any CPU
		{5DDD679B-5183-40BA-B01D-644487766E46}.Debug|Any CPU.Build.0 = Debug|Any CPU
		{5DDD679B-5183-40BA-B01D-644487766E46}.Release|Any CPU.ActiveCfg = Release|Any CPU
		{5DDD679B-5183-40BA-B01D-644487766E46}.Release|Any CPU.Build.0 = Release|Any CPU
	EndGlobalSection
	GlobalSection(SolutionProperties) = preSolution
		HideSolutionNode = FALSE
	EndGlobalSection
	GlobalSection(NestedProjects) = preSolution
		{6C0B22D9-A9B8-4EC9-89D1-02A9FB57911C} = {7BD79805-5169-4CB4-B53E-A2913536D164}
		{521F35F5-FFB1-4A8D-B1E8-C977CC80EAFC} = {7BD79805-5169-4CB4-B53E-A2913536D164}
		{640C2B7A-B99D-462F-81EB-17CE33A96D34} = {7BD79805-5169-4CB4-B53E-A2913536D164}
		{F10EDE45-F868-4C9F-A516-891232F49092} = {521F35F5-FFB1-4A8D-B1E8-C977CC80EAFC}
		{5CB04AE7-336F-458E-B08B-F5CC9C3122E1} = {90F1DDC4-06B2-4A7D-AF53-20D2BCFDEB95}
		{33F64C05-621F-4311-BE26-4D7EFBFCDFCB} = {BA33C712-22C9-4275-9E32-F314DDCF580E}
		{21B3AFBE-4A09-4CD1-8E82-A67E5317FA72} = {BA33C712-22C9-4275-9E32-F314DDCF580E}
		{FB9CEDD8-F278-4EC4-9718-32DDA9A64B82} = {640C2B7A-B99D-462F-81EB-17CE33A96D34}
		{70B8D217-02BE-4AE1-A0A7-E7C4B0E746B5} = {640C2B7A-B99D-462F-81EB-17CE33A96D34}
		{5DDD679B-5183-40BA-B01D-644487766E46} = {0FA08FE6-73B1-47A6-B0EB-63E0143833EF}
		{0FA08FE6-73B1-47A6-B0EB-63E0143833EF} = {7BD79805-5169-4CB4-B53E-A2913536D164}
	EndGlobalSection
	GlobalSection(ExtensibilityGlobals) = postSolution
		SolutionGuid = {CA92399D-6B1B-4C33-9649-BCA2CC5F1992}
	EndGlobalSection
EndGlobal
